[[package]]
name = "aiohttp"
version = "3.9.5"
description = "Async http client/server framework (asyncio)"
category = "main"
optional = false
python-versions = ">=3.8"

[package.dependencies]
aiosignal = ">=1.1.2"
async-timeout = {version = ">=4.0,<5.0", markers = "python_version < \"3.11\""}
attrs = ">=17.3.0"
frozenlist = ">=1.1.1"
multidict = ">=4.5,<7.0"
yarl = ">=1.0,<2.0"

[package.extras]
speedups = ["brotlicffi", "brotli", "aiodns"]

[[package]]
name = "aiosignal"
version = "1.3.1"
description = "aiosignal: a list of registered asynchronous callbacks"
category = "main"
optional = false
python-versions = ">=3.7"

[package.dependencies]
frozenlist = ">=1.1.0"

[[package]]
name = "annotated-types"
version = "0.7.0"
description = "Reusable constraint types to use with typing.Annotated"
category = "main"
optional = false
python-versions = ">=3.8"

[package.dependencies]
typing-extensions = {version = ">=4.0.0", markers = "python_version < \"3.9\""}

[[package]]
name = "anthropic"
version = "0.30.1"
description = "The official Python library for the anthropic API"
category = "main"
optional = false
python-versions = ">=3.7"

[package.dependencies]
anyio = ">=3.5.0,<5"
distro = ">=1.7.0,<2"
httpx = ">=0.23.0,<1"
jiter = ">=0.4.0,<1"
pydantic = ">=1.9.0,<3"
sniffio = "*"
tokenizers = ">=0.13.0"
typing-extensions = ">=4.7,<5"

[package.extras]
bedrock = ["boto3 (>=1.28.57)", "botocore (>=1.31.57)"]
vertex = ["google-auth (>=2,<3)"]

[[package]]
name = "anyio"
version = "4.4.0"
description = "High level compatibility layer for multiple asynchronous event loop implementations"
category = "main"
optional = false
python-versions = ">=3.8"

[package.dependencies]
exceptiongroup = {version = ">=1.0.2", markers = "python_version < \"3.11\""}
idna = ">=2.8"
sniffio = ">=1.1"
typing-extensions = {version = ">=4.1", markers = "python_version < \"3.11\""}

[package.extras]
doc = ["packaging", "Sphinx (>=7)", "sphinx-rtd-theme", "sphinx-autodoc-typehints (>=1.2.0)"]
test = ["anyio", "coverage[toml] (>=7)", "exceptiongroup (>=1.2.0)", "hypothesis (>=4.0)", "psutil (>=5.9)", "pytest (>=7.0)", "pytest-mock (>=3.6.1)", "trustme", "uvloop (>=0.17)"]
trio = ["trio (>=0.23)"]

[[package]]
name = "arxiv"
version = "2.1.3"
description = "Python wrapper for the arXiv API: https://arxiv.org/help/api/"
category = "main"
optional = false
python-versions = ">=3.7"

[package.dependencies]
feedparser = ">=6.0.10,<6.1.0"
requests = ">=2.32.0,<2.33.0"

[[package]]
name = "async-timeout"
version = "4.0.3"
description = "Timeout context manager for asyncio programs"
category = "main"
optional = false
python-versions = ">=3.7"

[[package]]
name = "attrs"
version = "23.2.0"
description = "Classes Without Boilerplate"
category = "main"
optional = false
python-versions = ">=3.7"

[package.extras]
cov = ["attrs", "coverage[toml] (>=5.3)"]
dev = ["attrs", "pre-commit"]
docs = ["furo", "myst-parser", "sphinx", "sphinx-notfound-page", "sphinxcontrib-towncrier", "towncrier", "zope-interface"]
tests = ["attrs", "zope-interface"]
tests-mypy = ["mypy (>=1.6)", "pytest-mypy-plugins"]
tests-no-zope = ["attrs", "cloudpickle", "hypothesis", "pympler", "pytest-xdist", "pytest (>=4.3.0)"]

[[package]]
name = "certifi"
version = "2024.6.2"
description = "Python package for providing Mozilla's CA Bundle."
category = "main"
optional = false
python-versions = ">=3.6"

[[package]]
name = "charset-normalizer"
version = "3.3.2"
description = "The Real First Universal Charset Detector. Open, modern and actively maintained alternative to Chardet."
category = "main"
optional = false
python-versions = ">=3.7.0"

[[package]]
name = "colorama"
version = "0.4.6"
description = "Cross-platform colored terminal text."
category = "main"
optional = false
python-versions = "!=3.0.*,!=3.1.*,!=3.2.*,!=3.3.*,!=3.4.*,!=3.5.*,!=3.6.*,>=2.7"

[[package]]
name = "defusedxml"
version = "0.7.1"
description = "XML bomb protection for Python stdlib modules"
category = "main"
optional = false
python-versions = ">=2.7, !=3.0.*, !=3.1.*, !=3.2.*, !=3.3.*, !=3.4.*"

[[package]]
name = "distro"
version = "1.9.0"
description = "Distro - an OS platform information API"
category = "main"
optional = false
python-versions = ">=3.6"

[[package]]
name = "exceptiongroup"
version = "1.2.1"
description = "Backport of PEP 654 (exception groups)"
category = "main"
optional = false
python-versions = ">=3.7"

[package.extras]
test = ["pytest (>=6)"]

[[package]]
name = "feedparser"
version = "6.0.11"
description = "Universal feed parser, handles RSS 0.9x, RSS 1.0, RSS 2.0, CDF, Atom 0.3, and Atom 1.0 feeds"
category = "main"
optional = false
python-versions = ">=3.6"

[package.dependencies]
sgmllib3k = "*"

[[package]]
name = "filelock"
version = "3.15.4"
description = "A platform independent file lock."
category = "main"
optional = false
python-versions = ">=3.8"

[package.extras]
docs = ["furo (>=2023.9.10)", "sphinx-autodoc-typehints (>=1.25.2)", "sphinx (>=7.2.6)"]
testing = ["covdefaults (>=2.3)", "coverage (>=7.3.2)", "diff-cover (>=8.0.1)", "pytest-asyncio (>=0.21)", "pytest-cov (>=4.1)", "pytest-mock (>=3.12)", "pytest-timeout (>=2.2)", "pytest (>=7.4.3)", "virtualenv (>=20.26.2)"]
typing = ["typing-extensions (>=4.8)"]

[[package]]
name = "frozenlist"
version = "1.4.1"
description = "A list-like structure which implements collections.abc.MutableSequence"
category = "main"
optional = false
python-versions = ">=3.8"

[[package]]
name = "fsspec"
version = "2024.6.1"
description = "File-system specification"
category = "main"
optional = false
python-versions = ">=3.8"

[package.extras]
abfs = ["adlfs"]
adl = ["adlfs"]
arrow = ["pyarrow (>=1)"]
dask = ["dask", "distributed"]
dev = ["pre-commit", "ruff"]
doc = ["numpydoc", "sphinx", "sphinx-design", "sphinx-rtd-theme", "yarl"]
dropbox = ["dropbox", "dropboxdrivefs", "requests"]
full = ["adlfs", "aiohttp (!=4.0.0a0,!=4.0.0a1)", "dask", "distributed", "dropbox", "dropboxdrivefs", "fusepy", "gcsfs", "libarchive-c", "ocifs", "panel", "paramiko", "pyarrow (>=1)", "pygit2", "requests", "s3fs", "smbprotocol", "tqdm"]
fuse = ["fusepy"]
gcs = ["gcsfs"]
git = ["pygit2"]
github = ["requests"]
gs = ["gcsfs"]
gui = ["panel"]
hdfs = ["pyarrow (>=1)"]
http = ["aiohttp (!=4.0.0a0,!=4.0.0a1)"]
libarchive = ["libarchive-c"]
oci = ["ocifs"]
s3 = ["s3fs"]
sftp = ["paramiko"]
smb = ["smbprotocol"]
ssh = ["paramiko"]
test = ["aiohttp (!=4.0.0a0,!=4.0.0a1)", "numpy", "pytest", "pytest-asyncio (!=0.22.0)", "pytest-benchmark", "pytest-cov", "pytest-mock", "pytest-recording", "pytest-rerunfailures", "requests"]
test-downstream = ["aiobotocore (>=2.5.4,<3.0.0)", "dask-expr", "dask", "moto[server] (>4,<5)", "pytest-timeout", "xarray"]
test-full = ["adlfs", "aiohttp (!=4.0.0a0,!=4.0.0a1)", "cloudpickle", "dask", "distributed", "dropbox", "dropboxdrivefs", "fastparquet", "fusepy", "gcsfs", "jinja2", "kerchunk", "libarchive-c", "lz4", "notebook", "numpy", "ocifs", "pandas", "panel", "paramiko", "pyarrow", "pyarrow (>=1)", "pyftpdlib", "pygit2", "pytest", "pytest-asyncio (!=0.22.0)", "pytest-benchmark", "pytest-cov", "pytest-mock", "pytest-recording", "pytest-rerunfailures", "python-snappy", "requests", "smbprotocol", "tqdm", "urllib3", "zarr", "zstandard"]
tqdm = ["tqdm"]

[[package]]
name = "greenlet"
version = "3.0.3"
description = "Lightweight in-process concurrent programming"
category = "main"
optional = false
python-versions = ">=3.7"

[package.extras]
docs = ["sphinx", "furo"]
test = ["objgraph", "psutil"]

[[package]]
name = "h11"
version = "0.14.0"
description = "A pure-Python, bring-your-own-I/O implementation of HTTP/1.1"
category = "main"
optional = false
python-versions = ">=3.7"

[[package]]
name = "httpcore"
version = "1.0.5"
description = "A minimal low-level HTTP client."
category = "main"
optional = false
python-versions = ">=3.8"

[package.dependencies]
certifi = "*"
h11 = ">=0.13,<0.15"

[package.extras]
asyncio = ["anyio (>=4.0,<5.0)"]
http2 = ["h2 (>=3,<5)"]
socks = ["socksio (>=1.0.0,<2.0.0)"]
trio = ["trio (>=0.22.0,<0.26.0)"]

[[package]]
name = "httpx"
version = "0.27.0"
description = "The next generation HTTP client."
category = "main"
optional = false
python-versions = ">=3.8"

[package.dependencies]
anyio = "*"
certifi = "*"
httpcore = ">=1.0.0,<2.0.0"
idna = "*"
sniffio = "*"

[package.extras]
brotli = ["brotli", "brotlicffi"]
cli = ["click (>=8.0.0,<9.0.0)", "pygments (>=2.0.0,<3.0.0)", "rich (>=10,<14)"]
http2 = ["h2 (>=3,<5)"]
socks = ["socksio (>=1.0.0,<2.0.0)"]

[[package]]
name = "huggingface-hub"
version = "0.23.4"
description = "Client library to download and publish models, datasets and other repos on the huggingface.co hub"
category = "main"
optional = false
python-versions = ">=3.8.0"

[package.dependencies]
filelock = "*"
fsspec = ">=2023.5.0"
packaging = ">=20.9"
pyyaml = ">=5.1"
requests = "*"
tqdm = ">=4.42.1"
typing-extensions = ">=3.7.4.3"

[package.extras]
all = ["InquirerPy (==0.3.4)", "aiohttp", "minijinja (>=1.0)", "jedi", "jinja2", "pytest", "pytest-cov", "pytest-env", "pytest-xdist", "pytest-vcr", "pytest-asyncio", "pytest-rerunfailures", "urllib3 (<2.0)", "soundfile", "pillow", "gradio", "numpy", "fastapi", "ruff (>=0.3.0)", "mypy (==1.5.1)", "typing-extensions (>=4.8.0)", "types-pyyaml", "types-requests", "types-simplejson", "types-toml", "types-tqdm", "types-urllib3"]
cli = ["InquirerPy (==0.3.4)"]
dev = ["InquirerPy (==0.3.4)", "aiohttp", "minijinja (>=1.0)", "jedi", "jinja2", "pytest", "pytest-cov", "pytest-env", "pytest-xdist", "pytest-vcr", "pytest-asyncio", "pytest-rerunfailures", "urllib3 (<2.0)", "soundfile", "pillow", "gradio", "numpy", "fastapi", "ruff (>=0.3.0)", "mypy (==1.5.1)", "typing-extensions (>=4.8.0)", "types-pyyaml", "types-requests", "types-simplejson", "types-toml", "types-tqdm", "types-urllib3"]
fastai = ["toml", "fastai (>=2.4)", "fastcore (>=1.3.27)"]
hf-transfer = ["hf-transfer (>=0.1.4)"]
inference = ["aiohttp", "minijinja (>=1.0)"]
quality = ["ruff (>=0.3.0)", "mypy (==1.5.1)"]
tensorflow = ["tensorflow", "pydot", "graphviz"]
tensorflow-testing = ["tensorflow", "keras (<3.0)"]
testing = ["InquirerPy (==0.3.4)", "aiohttp", "minijinja (>=1.0)", "jedi", "jinja2", "pytest", "pytest-cov", "pytest-env", "pytest-xdist", "pytest-vcr", "pytest-asyncio", "pytest-rerunfailures", "urllib3 (<2.0)", "soundfile", "pillow", "gradio", "numpy", "fastapi"]
torch = ["torch", "safetensors"]
typing = ["typing-extensions (>=4.8.0)", "types-pyyaml", "types-requests", "types-simplejson", "types-toml", "types-tqdm", "types-urllib3"]

[[package]]
name = "idna"
version = "3.7"
description = "Internationalized Domain Names in Applications (IDNA)"
category = "main"
optional = false
python-versions = ">=3.5"

[[package]]
name = "jiter"
version = "0.5.0"
description = "Fast iterable JSON parser."
category = "main"
optional = false
python-versions = ">=3.8"

[[package]]
name = "jsonpatch"
version = "1.33"
description = "Apply JSON-Patches (RFC 6902)"
category = "main"
optional = false
python-versions = ">=2.7, !=3.0.*, !=3.1.*, !=3.2.*, !=3.3.*, !=3.4.*, !=3.5.*, !=3.6.*"

[package.dependencies]
jsonpointer = ">=1.9"

[[package]]
name = "jsonpointer"
version = "3.0.0"
description = "Identify specific nodes in a JSON document (RFC 6901)"
category = "main"
optional = false
python-versions = ">=3.7"

[[package]]
name = "langchain"
version = "0.2.6"
description = "Building applications with LLMs through composability"
category = "main"
optional = false
python-versions = "<4.0,>=3.8.1"

[package.dependencies]
aiohttp = ">=3.8.3,<4.0.0"
async-timeout = {version = ">=4.0.0,<5.0.0", markers = "python_version < \"3.11\""}
langchain-core = ">=0.2.10,<0.3.0"
langchain-text-splitters = ">=0.2.0,<0.3.0"
langsmith = ">=0.1.17,<0.2.0"
numpy = [
    {version = ">=1,<2", markers = "python_version < \"3.12\""},
    {version = ">=1.26.0,<2.0.0", markers = "python_version >= \"3.12\""},
]
pydantic = ">=1,<3"
PyYAML = ">=5.3"
requests = ">=2,<3"
SQLAlchemy = ">=1.4,<3"
tenacity = ">=8.1.0,<8.4.0 || >8.4.0,<9.0.0"

[[package]]
name = "langchain-anthropic"
version = "0.1.19"
description = "An integration package connecting AnthropicMessages and LangChain"
category = "main"
optional = false
python-versions = "<4.0,>=3.8.1"

[package.dependencies]
anthropic = ">=0.28.0,<1"
defusedxml = ">=0.7.1,<0.8.0"
langchain-core = ">=0.2.10,<0.3"

[[package]]
name = "langchain-core"
version = "0.2.11"
description = "Building applications with LLMs through composability"
category = "main"
optional = false
python-versions = "<4.0,>=3.8.1"

[package.dependencies]
jsonpatch = ">=1.33,<2.0"
langsmith = ">=0.1.75,<0.2.0"
packaging = ">=23.2,<25"
pydantic = [
    {version = ">=1,<3", markers = "python_full_version < \"3.12.4\""},
    {version = ">=2.7.4,<3.0.0", markers = "python_full_version >= \"3.12.4\""},
]
PyYAML = ">=5.3"
tenacity = ">=8.1.0,<8.4.0 || >8.4.0,<9.0.0"

[[package]]
name = "langchain-openai"
version = "0.1.14"
description = "An integration package connecting OpenAI and LangChain"
category = "main"
optional = false
python-versions = "<4.0,>=3.8.1"

[package.dependencies]
langchain-core = ">=0.2.2,<0.3"
openai = ">=1.32.0,<2.0.0"
tiktoken = ">=0.7,<1"

[[package]]
name = "langchain-pinecone"
version = "0.1.1"
description = "An integration package connecting Pinecone and LangChain"
category = "main"
optional = false
python-versions = "<3.13,>=3.8.1"

[package.dependencies]
langchain-core = ">=0.1.52,<0.3"
numpy = ">=1,<2"
pinecone-client = ">=3.2.2,<4.0.0"

[[package]]
name = "langchain-text-splitters"
version = "0.2.2"
description = "LangChain text splitting utilities"
category = "main"
optional = false
python-versions = "<4.0,>=3.8.1"

[package.dependencies]
langchain-core = ">=0.2.10,<0.3.0"

[[package]]
name = "langsmith"
version = "0.1.83"
description = "Client library to connect to the LangSmith LLM Tracing and Evaluation Platform."
category = "main"
optional = false
python-versions = "<4.0,>=3.8.1"

[package.dependencies]
orjson = ">=3.9.14,<4.0.0"
pydantic = [
    {version = ">=1,<3", markers = "python_full_version < \"3.12.4\""},
    {version = ">=2.7.4,<3.0.0", markers = "python_full_version >= \"3.12.4\""},
]
requests = ">=2,<3"

[[package]]
name = "multidict"
version = "6.0.5"
description = "multidict implementation"
category = "main"
optional = false
python-versions = ">=3.7"

[[package]]
name = "numpy"
version = "1.26.4"
description = "Fundamental package for array computing in Python"
category = "main"
optional = false
python-versions = ">=3.9"

[[package]]
name = "openai"
version = "1.35.10"
description = "The official Python library for the openai API"
category = "main"
optional = false
python-versions = ">=3.7.1"

[package.dependencies]
anyio = ">=3.5.0,<5"
distro = ">=1.7.0,<2"
httpx = ">=0.23.0,<1"
pydantic = ">=1.9.0,<3"
sniffio = "*"
tqdm = ">4"
typing-extensions = ">=4.7,<5"

[package.extras]
datalib = ["numpy (>=1)", "pandas-stubs (>=1.1.0.11)", "pandas (>=1.2.3)"]

[[package]]
name = "orjson"
version = "3.10.6"
description = "Fast, correct Python JSON library supporting dataclasses, datetimes, and numpy"
category = "main"
optional = false
python-versions = ">=3.8"

[[package]]
name = "packaging"
version = "24.1"
description = "Core utilities for Python packages"
category = "main"
optional = false
python-versions = ">=3.8"

[[package]]
name = "pinecone-client"
version = "3.2.2"
description = "Pinecone client and SDK"
category = "main"
optional = false
python-versions = "<4.0,>=3.8"

[package.dependencies]
certifi = ">=2019.11.17"
tqdm = ">=4.64.1"
typing-extensions = ">=3.7.4"
urllib3 = [
    {version = ">=1.26.0", markers = "python_version >= \"3.8\" and python_version < \"3.12\""},
    {version = ">=1.26.5", markers = "python_version >= \"3.12\" and python_version < \"4.0\""},
]

[package.extras]
grpc = ["grpcio (>=1.44.0)", "grpcio (>=1.59.0)", "grpc-gateway-protoc-gen-openapiv2 (==0.1.0)", "googleapis-common-protos (>=1.53.0)", "lz4 (>=3.1.3)", "protobuf (>=3.20.0,<3.21.0)"]

[[package]]
name = "pydantic"
version = "2.8.1"
description = "Data validation using Python type hints"
category = "main"
optional = false
python-versions = ">=3.8"

[package.dependencies]
annotated-types = ">=0.4.0"
pydantic-core = "2.20.1"
typing-extensions = {version = ">=4.6.1", markers = "python_version < \"3.13\""}

[package.extras]
email = ["email-validator (>=2.0.0)"]

[[package]]
name = "pydantic-core"
version = "2.20.1"
description = "Core functionality for Pydantic validation and serialization"
category = "main"
optional = false
python-versions = ">=3.8"

[package.dependencies]
typing-extensions = ">=4.6.0,<4.7.0 || >4.7.0"

[[package]]
name = "pypdf2"
version = "3.0.1"
description = "A pure-python PDF library capable of splitting, merging, cropping, and transforming PDF files"
category = "main"
optional = false
python-versions = ">=3.6"

[package.dependencies]
typing_extensions = {version = ">=3.10.0.0", markers = "python_version < \"3.10\""}

[package.extras]
crypto = ["pycryptodome"]
dev = ["black", "pip-tools", "pre-commit (<2.18.0)", "pytest-cov", "flit", "wheel"]
docs = ["sphinx", "sphinx-rtd-theme", "myst-parser"]
full = ["pycryptodome", "pillow"]
image = ["pillow"]

[[package]]
name = "python-dotenv"
version = "1.0.1"
description = "Read key-value pairs from a .env file and set them as environment variables"
category = "main"
optional = false
python-versions = ">=3.8"

[package.extras]
cli = ["click (>=5.0)"]

[[package]]
name = "pyyaml"
version = "6.0.1"
description = "YAML parser and emitter for Python"
category = "main"
optional = false
python-versions = ">=3.6"

[[package]]
name = "regex"
version = "2024.5.15"
description = "Alternative regular expression module, to replace re."
category = "main"
optional = false
python-versions = ">=3.8"

[[package]]
name = "requests"
version = "2.32.3"
description = "Python HTTP for Humans."
category = "main"
optional = false
python-versions = ">=3.8"

[package.dependencies]
certifi = ">=2017.4.17"
charset-normalizer = ">=2,<4"
idna = ">=2.5,<4"
urllib3 = ">=1.21.1,<3"

[package.extras]
socks = ["PySocks (>=1.5.6,!=1.5.7)"]
use-chardet-on-py3 = ["chardet (>=3.0.2,<6)"]

[[package]]
name = "sgmllib3k"
version = "1.0.0"
description = "Py3k port of sgmllib."
category = "main"
optional = false
python-versions = "*"

[[package]]
name = "sniffio"
version = "1.3.1"
description = "Sniff out which async library your code is running under"
category = "main"
optional = false
python-versions = ">=3.7"

[[package]]
name = "sqlalchemy"
version = "2.0.31"
description = "Database Abstraction Library"
category = "main"
optional = false
python-versions = ">=3.7"

[package.dependencies]
greenlet = {version = "!=0.4.17", markers = "python_version < \"3.13\" and (platform_machine == \"aarch64\" or platform_machine == \"ppc64le\" or platform_machine == \"x86_64\" or platform_machine == \"amd64\" or platform_machine == \"AMD64\" or platform_machine == \"win32\" or platform_machine == \"WIN32\")"}
typing-extensions = ">=4.6.0"

[package.extras]
asyncio = ["greenlet (!=0.4.17)"]
mypy = ["mypy (>=0.910)"]
mssql = ["pyodbc"]
mssql-pymssql = ["pymssql"]
mssql-pyodbc = ["pyodbc"]
mysql = ["mysqlclient (>=1.4.0)"]
mysql-connector = ["mysql-connector-python"]
mariadb-connector = ["mariadb (>=1.0.1,!=1.1.2,!=1.1.5)"]
oracle = ["cx_oracle (>=8)"]
oracle-oracledb = ["oracledb (>=1.0.1)"]
postgresql = ["psycopg2 (>=2.7)"]
postgresql-pg8000 = ["pg8000 (>=1.29.1)"]
postgresql-asyncpg = ["greenlet (!=0.4.17)", "asyncpg"]
postgresql-psycopg2binary = ["psycopg2-binary"]
postgresql-psycopg2cffi = ["psycopg2cffi"]
postgresql-psycopg = ["psycopg (>=3.0.7)"]
postgresql-psycopgbinary = ["psycopg[binary] (>=3.0.7)"]
pymysql = ["pymysql"]
aiomysql = ["greenlet (!=0.4.17)", "aiomysql (>=0.2.0)"]
aioodbc = ["greenlet (!=0.4.17)", "aioodbc"]
asyncmy = ["greenlet (!=0.4.17)", "asyncmy (>=0.2.3,!=0.2.4,!=0.2.6)"]
aiosqlite = ["greenlet (!=0.4.17)", "aiosqlite", "typing_extensions (!=3.10.0.1)"]
sqlcipher = ["sqlcipher3-binary"]

[[package]]
name = "tenacity"
version = "8.4.2"
description = "Retry code until it succeeds"
category = "main"
optional = false
python-versions = ">=3.8"

[package.extras]
doc = ["reno", "sphinx"]
test = ["pytest", "tornado (>=4.5)", "typeguard"]

[[package]]
name = "tiktoken"
version = "0.7.0"
description = "tiktoken is a fast BPE tokeniser for use with OpenAI's models"
category = "main"
optional = false
python-versions = ">=3.8"

[package.dependencies]
regex = ">=2022.1.18"
requests = ">=2.26.0"

[package.extras]
blobfile = ["blobfile (>=2)"]

[[package]]
name = "tokenizers"
version = "0.19.1"
description = ""
category = "main"
optional = false
python-versions = ">=3.7"

[package.dependencies]
huggingface-hub = ">=0.16.4,<1.0"

[package.extras]
testing = ["pytest", "requests", "numpy", "datasets", "black (==22.3)", "ruff"]
docs = ["sphinx", "sphinx-rtd-theme", "setuptools-rust"]
dev = ["tokenizers"]

[[package]]
name = "tqdm"
version = "4.66.4"
description = "Fast, Extensible Progress Meter"
category = "main"
optional = false
python-versions = ">=3.7"

[package.dependencies]
colorama = {version = "*", markers = "platform_system == \"Windows\""}

[package.extras]
dev = ["pytest (>=6)", "pytest-cov", "pytest-timeout", "pytest-xdist"]
notebook = ["ipywidgets (>=6)"]
slack = ["slack-sdk"]
telegram = ["requests"]

[[package]]
name = "typing-extensions"
version = "4.12.2"
description = "Backported and Experimental Type Hints for Python 3.8+"
category = "main"
optional = false
python-versions = ">=3.8"

[[package]]
name = "urllib3"
version = "2.2.2"
description = "HTTP library with thread-safe connection pooling, file post, and more."
category = "main"
optional = false
python-versions = ">=3.8"

[package.extras]
brotli = ["brotli (>=1.0.9)", "brotlicffi (>=0.8.0)"]
h2 = ["h2 (>=4,<5)"]
socks = ["pysocks (>=1.5.6,!=1.5.7,<2.0)"]
zstd = ["zstandard (>=0.18.0)"]

[[package]]
name = "yarl"
version = "1.9.4"
description = "Yet another URL library"
category = "main"
optional = false
python-versions = ">=3.7"

[package.dependencies]
idna = ">=2.0"
multidict = ">=4.0"

[metadata]
lock-version = "1.1"
python-versions = ">=3.8.1,<3.13"
content-hash = "8a659430a85b8351a5287b228019622562a2843773196e2578193048e016bb8c"

[metadata.files]
aiohttp = []
aiosignal = []
annotated-types = []
anthropic = []
anyio = []
arxiv = []
async-timeout = []
attrs = []
certifi = []
charset-normalizer = []
colorama = []
defusedxml = []
distro = []
exceptiongroup = []
feedparser = []
filelock = []
frozenlist = []
fsspec = []
greenlet = []
h11 = []
httpcore = []
httpx = []
huggingface-hub = []
idna = []
jiter = []
jsonpatch = []
jsonpointer = []
langchain = []
langchain-anthropic = []
langchain-core = []
langchain-openai = []
langchain-pinecone = []
langchain-text-splitters = []
langsmith = []
multidict = []
numpy = []
openai = []
orjson = []
packaging = []
pinecone-client = []
pydantic = []
pydantic-core = []
pypdf2 = []
python-dotenv = []
pyyaml = []
regex = []
requests = []
sgmllib3k = []
sniffio = []
sqlalchemy = []
tenacity = []
tiktoken = []
tokenizers = []
tqdm = []
typing-extensions = []
urllib3 = []
yarl = []
